schema: '2.0'
stages:
  data_ingestion:
    cmd: python .\src\data\data_ingestion.py
    deps:
    - path: .\src\data\data_ingestion.py
      hash: md5
      md5: 0ca4d155ead32bd2fd2a018a34d62c56
      size: 3378
    params:
      params.yaml:
        data_ingestion.test_size: 0.25
    outs:
    - path: .\data\raw\test.csv
      hash: md5
      md5: b3f53f996a212e79082162a444cdabd3
      size: 206125
    - path: .\data\raw\train.csv
      hash: md5
      md5: 40d36c7b86eda967f175fe00144ae8ec
      size: 621848
  data_preprocessing:
    cmd: python .\src\preprocessing\data_preprocessing.py
    deps:
    - path: .\data\raw
      hash: md5
      md5: 3a301dd6a0b3caa261222635788eb1a5.dir
      size: 827973
      nfiles: 2
    - path: .\src\preprocessing\data_preprocessing.py
      hash: md5
      md5: b56c18c7b22b7fce9044b1315a95af68
      size: 4735
    outs:
    - path: .\data\processed\test_processed.csv
      hash: md5
      md5: a1f806a88249ad3dd40a06ef0af288cb
      size: 151586
    - path: .\data\processed\train_processed.csv
      hash: md5
      md5: 8ee1ee9b4deeb4d18f2f9435a0cc686a
      size: 458587
  feature_engineering:
    cmd: python .\src\features\feature_engineering.py
    deps:
    - path: .\data\processed
      hash: md5
      md5: 185e1b970ef633f8c8d5bd38f0d9ce0e.dir
      size: 610173
      nfiles: 2
    - path: .\src\features\feature_engineering.py
      hash: md5
      md5: 9d9a8373fb9d5e0cb9d64f883a02f3bb
      size: 4548
    params:
      params.yaml:
        feature_engineering.max_features: 500
    outs:
    - path: .\data\features\test_bow.csv
      hash: md5
      md5: 7690958c57efb6bfed642cd90e7bb9a6
      size: 2603679
    - path: .\data\features\train_bow.csv
      hash: md5
      md5: 5caba8389ab6bb139f351d9244f8ae29
      size: 7805237
  train_model:
    cmd: python .\src\models\model_building.py
    deps:
    - path: .\data\features\train_bow.csv
      hash: md5
      md5: 5caba8389ab6bb139f351d9244f8ae29
      size: 7805237
    - path: .\src\models\model_building.py
      hash: md5
      md5: 9da6f88bfa152fd97b13dffbb5135a6d
      size: 3382
    params:
      params.yaml:
        model_building.max_depth: 50
        model_building.n_estimators: 100
        model_building.random_state: 5
    outs:
    - path: .\models\model.pkl
      hash: md5
      md5: 7c5e6f43ff1c97171fe47ab5787efcb1
      size: 19819812
  model_evaluation:
    cmd: python .\src\models\model_evaluation.py
    deps:
    - path: .\models\model.pkl
      hash: md5
      md5: 7c5e6f43ff1c97171fe47ab5787efcb1
      size: 19819812
    - path: .\src\models\model_evaluation.py
      hash: md5
      md5: 69ca19f78c63f257c3dba220b6db8ee6
      size: 3557
    outs:
    - path: metrics.json
      hash: md5
      md5: 13963bcaff1aa9f4c6e00d37266d6b75
      size: 144
